# This file is automatically @generated by Cargo.
# It is not intended for manual editing.
[[package]]
name = "rust-highlighter"
version = "0.1.0"
dependencies = [
 "rustc-ap-rustc_lexer 579.0.0 (registry+https://github.com/rust-lang/crates.io-index)",
]

[[package]]
name = "rustc-ap-rustc_lexer"
version = "579.0.0"
source = "registry+https://github.com/rust-lang/crates.io-index"
dependencies = [
 "unicode-xid 0.1.0 (registry+https://github.com/rust-lang/crates.io-index)",
]

[[package]]
name = "unicode-xid"
version = "0.1.0"
source = "registry+https://github.com/rust-lang/crates.io-index"

[metadata]
"checksum rustc-ap-rustc_lexer 579.0.0 (registry+https://github.com/rust-lang/crates.io-index)" = "89928b1d899dc33b9e838f3163a2f96113c91a25ffece1b444f46cf86c106fbd"
"checksum unicode-xid 0.1.0 (registry+https://github.com/rust-lang/crates.io-index)" = "fc72304796d0818e357ead4e000d19c9c174ab23dc11093ac919054d20a6a7fc"
